
Microsoft Visual Studio Solution File, Format Version 12.00
Project("{FAE04EC0-301F-11D3-BF4B-00C04F79EFBC}") = "OpenDND", "OpenDND\OpenDND.csproj", "{3DDF1EB8-5AA9-4FB2-9A3B-F9F1BDCF1A4E}"
EndProject
Project("{FAE04EC0-301F-11D3-BF4B-00C04F79EFBC}") = "OpenDND.Data", "OpenDND.Data\OpenDND.Data.csproj", "{687295C8-61B9-43BC-A4F1-DA5C626D7B20}"
EndProject
Project("{FAE04EC0-301F-11D3-BF4B-00C04F79EFBC}") = "OpenDND.Services", "OpenDND.Services\OpenDND.Services.csproj", "{D52A0990-FA57-4E95-8602-C5136D16B654}"
EndProject
Project("{FAE04EC0-301F-11D3-BF4B-00C04F79EFBC}") = "OpenDND.Bot", "OpenDND.Bot\OpenDND.Bot.csproj", "{C91255DF-8886-4A95-B708-9FED05634948}"
EndProject
Project("{FAE04EC0-301F-11D3-BF4B-00C04F79EFBC}") = "OpenDND.Tests", "OpenDND.Tests\OpenDND.Tests.csproj", "{42721A89-42A4-4ECE-BD3E-98766A1B7073}"
EndProject
Project("{FAE04EC0-301F-11D3-BF4B-00C04F79EFBC}") = "OpenDND.Data.Tests", "OpenDND.Data.Tests\OpenDND.Data.Tests.csproj", "{28B1E345-D319-4750-B2E7-E67B1FEED746}"
EndProject
Project("{FAE04EC0-301F-11D3-BF4B-00C04F79EFBC}") = "OpenDND.Bot.Tests", "OpenDND.Bot.Tests\OpenDND.Bot.Tests.csproj", "{5383CED9-4F71-4E15-B828-F9777C4D73E7}"
EndProject
Project("{FAE04EC0-301F-11D3-BF4B-00C04F79EFBC}") = "OpenDND.Services.Tests", "OpenDND.Services.Tests\OpenDND.Services.Tests.csproj", "{79B91C6C-0164-4EAB-90E8-42991BFBDF1D}"
EndProject
Global
	GlobalSection(SolutionConfigurationPlatforms) = preSolution
		Debug|Any CPU = Debug|Any CPU
		Release|Any CPU = Release|Any CPU
	EndGlobalSection
	GlobalSection(ProjectConfigurationPlatforms) = postSolution
		{3DDF1EB8-5AA9-4FB2-9A3B-F9F1BDCF1A4E}.Debug|Any CPU.ActiveCfg = Debug|Any CPU
		{3DDF1EB8-5AA9-4FB2-9A3B-F9F1BDCF1A4E}.Debug|Any CPU.Build.0 = Debug|Any CPU
		{3DDF1EB8-5AA9-4FB2-9A3B-F9F1BDCF1A4E}.Release|Any CPU.ActiveCfg = Release|Any CPU
		{3DDF1EB8-5AA9-4FB2-9A3B-F9F1BDCF1A4E}.Release|Any CPU.Build.0 = Release|Any CPU
		{687295C8-61B9-43BC-A4F1-DA5C626D7B20}.Debug|Any CPU.ActiveCfg = Debug|Any CPU
		{687295C8-61B9-43BC-A4F1-DA5C626D7B20}.Debug|Any CPU.Build.0 = Debug|Any CPU
		{687295C8-61B9-43BC-A4F1-DA5C626D7B20}.Release|Any CPU.ActiveCfg = Release|Any CPU
		{687295C8-61B9-43BC-A4F1-DA5C626D7B20}.Release|Any CPU.Build.0 = Release|Any CPU
		{D52A0990-FA57-4E95-8602-C5136D16B654}.Debug|Any CPU.ActiveCfg = Debug|Any CPU
		{D52A0990-FA57-4E95-8602-C5136D16B654}.Debug|Any CPU.Build.0 = Debug|Any CPU
		{D52A0990-FA57-4E95-8602-C5136D16B654}.Release|Any CPU.ActiveCfg = Release|Any CPU
		{D52A0990-FA57-4E95-8602-C5136D16B654}.Release|Any CPU.Build.0 = Release|Any CPU
		{C91255DF-8886-4A95-B708-9FED05634948}.Debug|Any CPU.ActiveCfg = Debug|Any CPU
		{C91255DF-8886-4A95-B708-9FED05634948}.Debug|Any CPU.Build.0 = Debug|Any CPU
		{C91255DF-8886-4A95-B708-9FED05634948}.Release|Any CPU.ActiveCfg = Release|Any CPU
		{C91255DF-8886-4A95-B708-9FED05634948}.Release|Any CPU.Build.0 = Release|Any CPU
		{42721A89-42A4-4ECE-BD3E-98766A1B7073}.Debug|Any CPU.ActiveCfg = Debug|Any CPU
		{42721A89-42A4-4ECE-BD3E-98766A1B7073}.Debug|Any CPU.Build.0 = Debug|Any CPU
		{42721A89-42A4-4ECE-BD3E-98766A1B7073}.Release|Any CPU.ActiveCfg = Release|Any CPU
		{42721A89-42A4-4ECE-BD3E-98766A1B7073}.Release|Any CPU.Build.0 = Release|Any CPU
		{28B1E345-D319-4750-B2E7-E67B1FEED746}.Debug|Any CPU.ActiveCfg = Debug|Any CPU
		{28B1E345-D319-4750-B2E7-E67B1FEED746}.Debug|Any CPU.Build.0 = Debug|Any CPU
		{28B1E345-D319-4750-B2E7-E67B1FEED746}.Release|Any CPU.ActiveCfg = Release|Any CPU
		{28B1E345-D319-4750-B2E7-E67B1FEED746}.Release|Any CPU.Build.0 = Release|Any CPU
		{5383CED9-4F71-4E15-B828-F9777C4D73E7}.Debug|Any CPU.ActiveCfg = Debug|Any CPU
		{5383CED9-4F71-4E15-B828-F9777C4D73E7}.Debug|Any CPU.Build.0 = Debug|Any CPU
		{5383CED9-4F71-4E15-B828-F9777C4D73E7}.Release|Any CPU.ActiveCfg = Release|Any CPU
		{5383CED9-4F71-4E15-B828-F9777C4D73E7}.Release|Any CPU.Build.0 = Release|Any CPU
		{79B91C6C-0164-4EAB-90E8-42991BFBDF1D}.Debug|Any CPU.ActiveCfg = Debug|Any CPU
		{79B91C6C-0164-4EAB-90E8-42991BFBDF1D}.Debug|Any CPU.Build.0 = Debug|Any CPU
		{79B91C6C-0164-4EAB-90E8-42991BFBDF1D}.Release|Any CPU.ActiveCfg = Release|Any CPU
		{79B91C6C-0164-4EAB-90E8-42991BFBDF1D}.Release|Any CPU.Build.0 = Release|Any CPU
	EndGlobalSection
EndGlobal
